
Microsoft Visual Studio Solution File, Format Version 12.00
# Visual Studio Version 17
VisualStudioVersion = 17.9.34607.119
MinimumVisualStudioVersion = 10.0.40219.1
Project("{FAE04EC0-301F-11D3-BF4B-00C04F79EFBC}") = "Rak", "Rak.csproj", "{588D1BFB-542A-4535-B604-A0FAF8497E0E}"
EndProject
Global
	GlobalSection(SolutionConfigurationPlatforms) = preSolution
		Debug|Any CPU = Debug|Any CPU
		Release|Any CPU = Release|Any CPU
	EndGlobalSection
	GlobalSection(ProjectConfigurationPlatforms) = postSolution
		{588D1BFB-542A-4535-B604-A0FAF8497E0E}.Debug|Any CPU.ActiveCfg = Debug|Any CPU
		{588D1BFB-542A-4535-B604-A0FAF8497E0E}.Debug|Any CPU.Build.0 = Debug|Any CPU
		{588D1BFB-542A-4535-B604-A0FAF8497E0E}.Release|Any CPU.ActiveCfg = Release|Any CPU
		{588D1BFB-542A-4535-B604-A0FAF8497E0E}.Release|Any CPU.Build.0 = Release|Any CPU
	EndGlobalSection
	GlobalSection(SolutionProperties) = preSolution
		HideSolutionNode = FALSE
	EndGlobalSection
	GlobalSection(ExtensibilityGlobals) = postSolution
		SolutionGuid = {B28A896B-1720-463B-8BFF-0E6AA82A70A1}
	EndGlobalSection
EndGlobal
